
Microsoft Visual Studio Solution File, Format Version 12.00
# Visual Studio Version 17
VisualStudioVersion = 17.8.34322.80
MinimumVisualStudioVersion = 10.0.40219.1
Project("{9A19103F-16F7-4668-BE54-9A1E7A4F7556}") = "AdventOfCode2023", "AdventOfCode2023\AdventOfCode2023.csproj", "{7EC3CA3A-AF04-483B-89F4-38616E5E6902}"
EndProject
Project("{FAE04EC0-301F-11D3-BF4B-00C04F79EFBC}") = "Day02", "Day02\Day02.csproj", "{857581BC-723D-44FE-9F81-D2B314C73433}"
EndProject
Project("{FAE04EC0-301F-11D3-BF4B-00C04F79EFBC}") = "Common", "Common\Common.csproj", "{CF687AB5-6F29-47A1-8610-5548D5B9C1B3}"
EndProject
Global
	GlobalSection(SolutionConfigurationPlatforms) = preSolution
		Debug|Any CPU = Debug|Any CPU
		Release|Any CPU = Release|Any CPU
	EndGlobalSection
	GlobalSection(ProjectConfigurationPlatforms) = postSolution
		{7EC3CA3A-AF04-483B-89F4-38616E5E6902}.Debug|Any CPU.ActiveCfg = Debug|Any CPU
		{7EC3CA3A-AF04-483B-89F4-38616E5E6902}.Debug|Any CPU.Build.0 = Debug|Any CPU
		{7EC3CA3A-AF04-483B-89F4-38616E5E6902}.Release|Any CPU.ActiveCfg = Release|Any CPU
		{7EC3CA3A-AF04-483B-89F4-38616E5E6902}.Release|Any CPU.Build.0 = Release|Any CPU
		{857581BC-723D-44FE-9F81-D2B314C73433}.Debug|Any CPU.ActiveCfg = Debug|Any CPU
		{857581BC-723D-44FE-9F81-D2B314C73433}.Debug|Any CPU.Build.0 = Debug|Any CPU
		{857581BC-723D-44FE-9F81-D2B314C73433}.Release|Any CPU.ActiveCfg = Release|Any CPU
		{857581BC-723D-44FE-9F81-D2B314C73433}.Release|Any CPU.Build.0 = Release|Any CPU
		{CF687AB5-6F29-47A1-8610-5548D5B9C1B3}.Debug|Any CPU.ActiveCfg = Debug|Any CPU
		{CF687AB5-6F29-47A1-8610-5548D5B9C1B3}.Debug|Any CPU.Build.0 = Debug|Any CPU
		{CF687AB5-6F29-47A1-8610-5548D5B9C1B3}.Release|Any CPU.ActiveCfg = Release|Any CPU
		{CF687AB5-6F29-47A1-8610-5548D5B9C1B3}.Release|Any CPU.Build.0 = Release|Any CPU
	EndGlobalSection
	GlobalSection(SolutionProperties) = preSolution
		HideSolutionNode = FALSE
	EndGlobalSection
	GlobalSection(ExtensibilityGlobals) = postSolution
		SolutionGuid = {91B184F9-8288-4B21-B115-0B763F9CAB6E}
	EndGlobalSection
EndGlobal
